
Microsoft Visual Studio Solution File, Format Version 12.00
# Visual Studio Version 16
VisualStudioVersion = 16.0.29806.167
MinimumVisualStudioVersion = 10.0.40219.1
Project("{9A19103F-16F7-4668-BE54-9A1E7A4F7556}") = "NetS.Robot", "NetS.Robot\NetS.Robot.csproj", "{380DB1ED-D636-44FE-9A3D-CBD0F86E8612}"
EndProject
Project("{E53339B2-1760-4266-BCC7-CA923CBCF16C}") = "docker-compose", "docker-compose.dcproj", "{D6CF0257-2AAC-47AB-8149-611D087827E0}"
EndProject
Project("{9A19103F-16F7-4668-BE54-9A1E7A4F7556}") = "NetS.Core", "NetS.Core\NetS.Core.csproj", "{493F5758-4161-4CD7-80CF-0692A8DB9AD5}"
EndProject
Project("{9A19103F-16F7-4668-BE54-9A1E7A4F7556}") = "FodyNlogAdapter", "FodyNlogAdapter\FodyNlogAdapter.csproj", "{BF928D08-B4CE-432C-B207-E874F3170B57}"
EndProject
Project("{FAE04EC0-301F-11D3-BF4B-00C04F79EFBC}") = "NetS.Tools", "NetS.Tools\NetS.Tools.csproj", "{9A112ED6-2D51-4746-8843-84232059D40E}"
EndProject
Global
	GlobalSection(SolutionConfigurationPlatforms) = preSolution
		Debug|Any CPU = Debug|Any CPU
		Release|Any CPU = Release|Any CPU
	EndGlobalSection
	GlobalSection(ProjectConfigurationPlatforms) = postSolution
		{380DB1ED-D636-44FE-9A3D-CBD0F86E8612}.Debug|Any CPU.ActiveCfg = Debug|Any CPU
		{380DB1ED-D636-44FE-9A3D-CBD0F86E8612}.Debug|Any CPU.Build.0 = Debug|Any CPU
		{380DB1ED-D636-44FE-9A3D-CBD0F86E8612}.Release|Any CPU.ActiveCfg = Release|Any CPU
		{380DB1ED-D636-44FE-9A3D-CBD0F86E8612}.Release|Any CPU.Build.0 = Release|Any CPU
		{D6CF0257-2AAC-47AB-8149-611D087827E0}.Debug|Any CPU.ActiveCfg = Debug|Any CPU
		{D6CF0257-2AAC-47AB-8149-611D087827E0}.Debug|Any CPU.Build.0 = Debug|Any CPU
		{D6CF0257-2AAC-47AB-8149-611D087827E0}.Release|Any CPU.ActiveCfg = Release|Any CPU
		{D6CF0257-2AAC-47AB-8149-611D087827E0}.Release|Any CPU.Build.0 = Release|Any CPU
		{493F5758-4161-4CD7-80CF-0692A8DB9AD5}.Debug|Any CPU.ActiveCfg = Debug|Any CPU
		{493F5758-4161-4CD7-80CF-0692A8DB9AD5}.Debug|Any CPU.Build.0 = Debug|Any CPU
		{493F5758-4161-4CD7-80CF-0692A8DB9AD5}.Release|Any CPU.ActiveCfg = Release|Any CPU
		{493F5758-4161-4CD7-80CF-0692A8DB9AD5}.Release|Any CPU.Build.0 = Release|Any CPU
		{BF928D08-B4CE-432C-B207-E874F3170B57}.Debug|Any CPU.ActiveCfg = Debug|Any CPU
		{BF928D08-B4CE-432C-B207-E874F3170B57}.Debug|Any CPU.Build.0 = Debug|Any CPU
		{BF928D08-B4CE-432C-B207-E874F3170B57}.Release|Any CPU.ActiveCfg = Release|Any CPU
		{BF928D08-B4CE-432C-B207-E874F3170B57}.Release|Any CPU.Build.0 = Release|Any CPU
		{9A112ED6-2D51-4746-8843-84232059D40E}.Debug|Any CPU.ActiveCfg = Debug|Any CPU
		{9A112ED6-2D51-4746-8843-84232059D40E}.Debug|Any CPU.Build.0 = Debug|Any CPU
		{9A112ED6-2D51-4746-8843-84232059D40E}.Release|Any CPU.ActiveCfg = Release|Any CPU
		{9A112ED6-2D51-4746-8843-84232059D40E}.Release|Any CPU.Build.0 = Release|Any CPU
	EndGlobalSection
	GlobalSection(SolutionProperties) = preSolution
		HideSolutionNode = FALSE
	EndGlobalSection
	GlobalSection(ExtensibilityGlobals) = postSolution
		SolutionGuid = {D3592927-25CF-446E-9561-52AC76D80C04}
	EndGlobalSection
EndGlobal
